{
    "_readme": [
        "This file locks the dependencies of your project to a known state",
        "Read more about it at https://getcomposer.org/doc/01-basic-usage.md#installing-dependencies",
        "This file is @generated automatically"
    ],
    "content-hash": "36081d47a5fee06214908f732a6772f9",
    "packages": [
        {
            "name": "jnilla/jom",
            "version": "dev-main",
            "source": {
                "type": "git",
                "url": "https://github.com/jnilla/jom.git",
                "reference": "edf93641a7b4cf34a54b11713bb36db87b45b5c9"
            },
            "dist": {
                "type": "zip",
                "url": "https://api.github.com/repos/jnilla/jom/zipball/edf93641a7b4cf34a54b11713bb36db87b45b5c9",
                "reference": "edf93641a7b4cf34a54b11713bb36db87b45b5c9",
                "shasum": ""
            },
            "default-branch": true,
            "type": "library",
            "autoload": {
                "psr-4": {
                    "Jnilla\\Jom\\": "src/"
                }
            },
            "notification-url": "https://packagist.org/downloads/",
            "license": [
                "MIT"
            ],
            "authors": [
                {
                    "name": "Edric Navarro",
                    "email": "digitalcomputer2142@gmail.com",
                    "homepage": "https://github.com/jnilla",
                    "role": "Developer"
                }
            ],
            "description": "Jom is a Joomla API facade",
            "homepage": "https://github.com/jnilla/jom",
            "keywords": [
                "api",
                "facade",
                "joomla",
                "php"
            ],
            "support": {
                "issues": "https://github.com/jnilla/jom/issues",
                "source": "https://github.com/jnilla/jom/tree/main"
            },
            "time": "2022-10-20T16:28:52+00:00"
        }
    ],
    "packages-dev": [],
    "aliases": [],
    "minimum-stability": "stable",
    "stability-flags": {
        "jnilla/jom": 20
    },
    "prefer-stable": false,
    "prefer-lowest": false,
    "platform": [],
    "platform-dev": [],
    "plugin-api-version": "2.3.0"
}
